
Microsoft Visual Studio Solution File, Format Version 12.00
# Visual Studio 15
VisualStudioVersion = 15.0.27703.2035
MinimumVisualStudioVersion = 10.0.40219.1
Project("{FAE04EC0-301F-11D3-BF4B-00C04F79EFBC}") = "BlobStorageUploadExample", "BlobStorageUploadExample\BlobStorageUploadExample.csproj", "{A968AB0C-2E62-43C0-9BC3-CB9B83705F74}"
EndProject
Global
	GlobalSection(SolutionConfigurationPlatforms) = preSolution
		Debug|Any CPU = Debug|Any CPU
		Release|Any CPU = Release|Any CPU
	EndGlobalSection
	GlobalSection(ProjectConfigurationPlatforms) = postSolution
		{A968AB0C-2E62-43C0-9BC3-CB9B83705F74}.Debug|Any CPU.ActiveCfg = Debug|Any CPU
		{A968AB0C-2E62-43C0-9BC3-CB9B83705F74}.Debug|Any CPU.Build.0 = Debug|Any CPU
		{A968AB0C-2E62-43C0-9BC3-CB9B83705F74}.Release|Any CPU.ActiveCfg = Release|Any CPU
		{A968AB0C-2E62-43C0-9BC3-CB9B83705F74}.Release|Any CPU.Build.0 = Release|Any CPU
	EndGlobalSection
	GlobalSection(SolutionProperties) = preSolution
		HideSolutionNode = FALSE
	EndGlobalSection
	GlobalSection(ExtensibilityGlobals) = postSolution
		SolutionGuid = {C607A37E-3C94-457C-9795-56E67C90E942}
	EndGlobalSection
EndGlobal
